PODS:
  - libextobjc (0.6):
    - libextobjc/EXTADT (= 0.6)
    - libextobjc/EXTConcreteProtocol (= 0.6)
    - libextobjc/EXTKeyPathCoding (= 0.6)
    - libextobjc/EXTNil (= 0.6)
    - libextobjc/EXTSafeCategory (= 0.6)
    - libextobjc/EXTScope (= 0.6)
    - libextobjc/EXTSelectorChecking (= 0.6)
    - libextobjc/EXTSynthesize (= 0.6)
    - "libextobjc/NSInvocation+EXT (= 0.6)"
    - "libextobjc/NSMethodSignature+EXT (= 0.6)"
    - libextobjc/RuntimeExtensions (= 0.6)
    - libextobjc/UmbrellaHeader (= 0.6)
  - libextobjc/EXTADT (0.6):
    - libextobjc/RuntimeExtensions
  - libextobjc/EXTConcreteProtocol (0.6):
    - libextobjc/RuntimeExtensions
  - libextobjc/EXTKeyPathCoding (0.6):
    - libextobjc/RuntimeExtensions
  - libextobjc/EXTNil (0.6):
    - libextobjc/RuntimeExtensions
  - libextobjc/EXTSafeCategory (0.6):
    - libextobjc/RuntimeExtensions
  - libextobjc/EXTScope (0.6):
    - libextobjc/RuntimeExtensions
  - libextobjc/EXTSelectorChecking (0.6):
    - libextobjc/RuntimeExtensions
  - libextobjc/EXTSynthesize (0.6):
    - libextobjc/RuntimeExtensions
  - "libextobjc/NSInvocation+EXT (0.6)":
    - libextobjc/RuntimeExtensions
  - "libextobjc/NSMethodSignature+EXT (0.6)":
    - libextobjc/RuntimeExtensions
  - libextobjc/RuntimeExtensions (0.6)
  - libextobjc/UmbrellaHeader (0.6)
  - TensorFlowLiteC (2.1.0)
  - TensorFlowLiteObjC (2.1.0):
    - TensorFlowLiteC (= 2.1.0)

DEPENDENCIES:
  - libextobjc
  - TensorFlowLiteObjC

SPEC REPOS:
  https://github.com/CocoaPods/Specs.git:
    - libextobjc
    - TensorFlowLiteC
    - TensorFlowLiteObjC

SPEC CHECKSUMS:
  libextobjc: aed8b7d2b07f511c1a7ecaacb33ea03e327c69b7
  TensorFlowLiteC: 215603d4426d93810eace5947e317389554a4b66
  TensorFlowLiteObjC: 2e074eb41084037aeda9a8babe111fdd3ac99974

PODFILE CHECKSUM: c5d2628f6b65f7cd88643b3e2b5402e0c73221c5

COCOAPODS: 1.9.1
