// !$*UTF8*$!
{
	archiveVersion = 1;
	classes = {
	};
	objectVersion = 50;
	objects = {

/* Begin PBXBuildFile section */
		EE9541E124528A4100154E95 /* AppDelegate.m in Sources */ = {isa = PBXBuildFile; fileRef = EE9541E024528A4100154E95 /* AppDelegate.m */; };
		EE9541E424528A4100154E95 /* SceneDelegate.m in Sources */ = {isa = PBXBuildFile; fileRef = EE9541E324528A4100154E95 /* SceneDelegate.m */; };
		EE9541E724528A4100154E95 /* ViewController.m in Sources */ = {isa = PBXBuildFile; fileRef = EE9541E624528A4100154E95 /* ViewController.m */; };
		EE9541EA24528A4100154E95 /* Main.storyboard in Resources */ = {isa = PBXBuildFile; fileRef = EE9541E824528A4100154E95 /* Main.storyboard */; };
		EE9541EC24528A4600154E95 /* Assets.xcassets in Resources */ = {isa = PBXBuildFile; fileRef = EE9541EB24528A4600154E95 /* Assets.xcassets */; };
		EE9541EF24528A4600154E95 /* LaunchScreen.storyboard in Resources */ = {isa = PBXBuildFile; fileRef = EE9541ED24528A4600154E95 /* LaunchScreen.storyboard */; };
		EE9541F224528A4600154E95 /* main.m in Sources */ = {isa = PBXBuildFile; fileRef = EE9541F124528A4600154E95 /* main.m */; };
		EE9541FC24528A4600154E95 /* TensorFlowLiteObjcDemoTests.m in Sources */ = {isa = PBXBuildFile; fileRef = EE9541FB24528A4600154E95 /* TensorFlowLiteObjcDemoTests.m */; };
		EE95420724528A4600154E95 /* TensorFlowLiteObjcDemoUITests.m in Sources */ = {isa = PBXBuildFile; fileRef = EE95420624528A4600154E95 /* TensorFlowLiteObjcDemoUITests.m */; };
/* End PBXBuildFile section */

/* Begin PBXContainerItemProxy section */
		EE9541F824528A4600154E95 /* PBXContainerItemProxy */ = {
			isa = PBXContainerItemProxy;
			containerPortal = EE9541D424528A4100154E95 /* Project object */;
			proxyType = 1;
			remoteGlobalIDString = EE9541DB24528A4100154E95;
			remoteInfo = TensorFlowLiteObjcDemo;
		};
		EE95420324528A4600154E95 /* PBXContainerItemProxy */ = {
			isa = PBXContainerItemProxy;
			containerPortal = EE9541D424528A4100154E95 /* Project object */;
			proxyType = 1;
			remoteGlobalIDString = EE9541DB24528A4100154E95;
			remoteInfo = TensorFlowLiteObjcDemo;
		};
/* End PBXContainerItemProxy section */

/* Begin PBXFileReference section */
		EE9541DC24528A4100154E95 /* TensorFlowLiteObjcDemo.app */ = {isa = PBXFileReference; explicitFileType = wrapper.application; includeInIndex = 0; path = TensorFlowLiteObjcDemo.app; sourceTree = BUILT_PRODUCTS_DIR; };
		EE9541DF24528A4100154E95 /* AppDelegate.h */ = {isa = PBXFileReference; lastKnownFileType = sourcecode.c.h; path = AppDelegate.h; sourceTree = "<group>"; };
		EE9541E024528A4100154E95 /* AppDelegate.m */ = {isa = PBXFileReference; lastKnownFileType = sourcecode.c.objc; path = AppDelegate.m; sourceTree = "<group>"; };
		EE9541E224528A4100154E95 /* SceneDelegate.h */ = {isa = PBXFileReference; lastKnownFileType = sourcecode.c.h; path = SceneDelegate.h; sourceTree = "<group>"; };
		EE9541E324528A4100154E95 /* SceneDelegate.m */ = {isa = PBXFileReference; lastKnownFileType = sourcecode.c.objc; path = SceneDelegate.m; sourceTree = "<group>"; };
		EE9541E524528A4100154E95 /* ViewController.h */ = {isa = PBXFileReference; lastKnownFileType = sourcecode.c.h; path = ViewController.h; sourceTree = "<group>"; };
		EE9541E624528A4100154E95 /* ViewController.m */ = {isa = PBXFileReference; lastKnownFileType = sourcecode.c.objc; path = ViewController.m; sourceTree = "<group>"; };
		EE9541E924528A4100154E95 /* Base */ = {isa = PBXFileReference; lastKnownFileType = file.storyboard; name = Base; path = Base.lproj/Main.storyboard; sourceTree = "<group>"; };
		EE9541EB24528A4600154E95 /* Assets.xcassets */ = {isa = PBXFileReference; lastKnownFileType = folder.assetcatalog; path = Assets.xcassets; sourceTree = "<group>"; };
		EE9541EE24528A4600154E95 /* Base */ = {isa = PBXFileReference; lastKnownFileType = file.storyboard; name = Base; path = Base.lproj/LaunchScreen.storyboard; sourceTree = "<group>"; };
		EE9541F024528A4600154E95 /* Info.plist */ = {isa = PBXFileReference; lastKnownFileType = text.plist.xml; path = Info.plist; sourceTree = "<group>"; };
		EE9541F124528A4600154E95 /* main.m */ = {isa = PBXFileReference; lastKnownFileType = sourcecode.c.objc; path = main.m; sourceTree = "<group>"; };
		EE9541F724528A4600154E95 /* TensorFlowLiteObjcDemoTests.xctest */ = {isa = PBXFileReference; explicitFileType = wrapper.cfbundle; includeInIndex = 0; path = TensorFlowLiteObjcDemoTests.xctest; sourceTree = BUILT_PRODUCTS_DIR; };
		EE9541FB24528A4600154E95 /* TensorFlowLiteObjcDemoTests.m */ = {isa = PBXFileReference; lastKnownFileType = sourcecode.c.objc; path = TensorFlowLiteObjcDemoTests.m; sourceTree = "<group>"; };
		EE9541FD24528A4600154E95 /* Info.plist */ = {isa = PBXFileReference; lastKnownFileType = text.plist.xml; path = Info.plist; sourceTree = "<group>"; };
		EE95420224528A4600154E95 /* TensorFlowLiteObjcDemoUITests.xctest */ = {isa = PBXFileReference; explicitFileType = wrapper.cfbundle; includeInIndex = 0; path = TensorFlowLiteObjcDemoUITests.xctest; sourceTree = BUILT_PRODUCTS_DIR; };
		EE95420624528A4600154E95 /* TensorFlowLiteObjcDemoUITests.m */ = {isa = PBXFileReference; lastKnownFileType = sourcecode.c.objc; path = TensorFlowLiteObjcDemoUITests.m; sourceTree = "<group>"; };
		EE95420824528A4600154E95 /* Info.plist */ = {isa = PBXFileReference; lastKnownFileType = text.plist.xml; path = Info.plist; sourceTree = "<group>"; };
/* End PBXFileReference section */

/* Begin PBXFrameworksBuildPhase section */
		EE9541D924528A4100154E95 /* Frameworks */ = {
			isa = PBXFrameworksBuildPhase;
			buildActionMask = 2147483647;
			files = (
			);
			runOnlyForDeploymentPostprocessing = 0;
		};
		EE9541F424528A4600154E95 /* Frameworks */ = {
			isa = PBXFrameworksBuildPhase;
			buildActionMask = 2147483647;
			files = (
			);
			runOnlyForDeploymentPostprocessing = 0;
		};
		EE9541FF24528A4600154E95 /* Frameworks */ = {
			isa = PBXFrameworksBuildPhase;
			buildActionMask = 2147483647;
			files = (
			);
			runOnlyForDeploymentPostprocessing = 0;
		};
/* End PBXFrameworksBuildPhase section */

/* Begin PBXGroup section */
		EE9541D324528A4100154E95 = {
			isa = PBXGroup;
			children = (
				EE9541DE24528A4100154E95 /* TensorFlowLiteObjcDemo */,
				EE9541FA24528A4600154E95 /* TensorFlowLiteObjcDemoTests */,
				EE95420524528A4600154E95 /* TensorFlowLiteObjcDemoUITests */,
				EE9541DD24528A4100154E95 /* Products */,
			);
			sourceTree = "<group>";
		};
		EE9541DD24528A4100154E95 /* Products */ = {
			isa = PBXGroup;
			children = (
				EE9541DC24528A4100154E95 /* TensorFlowLiteObjcDemo.app */,
				EE9541F724528A4600154E95 /* TensorFlowLiteObjcDemoTests.xctest */,
				EE95420224528A4600154E95 /* TensorFlowLiteObjcDemoUITests.xctest */,
			);
			name = Products;
			sourceTree = "<group>";
		};
		EE9541DE24528A4100154E95 /* TensorFlowLiteObjcDemo */ = {
			isa = PBXGroup;
			children = (
				EE9541DF24528A4100154E95 /* AppDelegate.h */,
				EE9541E024528A4100154E95 /* AppDelegate.m */,
				EE9541E224528A4100154E95 /* SceneDelegate.h */,
				EE9541E324528A4100154E95 /* SceneDelegate.m */,
				EE9541E524528A4100154E95 /* ViewController.h */,
				EE9541E624528A4100154E95 /* ViewController.m */,
				EE9541E824528A4100154E95 /* Main.storyboard */,
				EE9541EB24528A4600154E95 /* Assets.xcassets */,
				EE9541ED24528A4600154E95 /* LaunchScreen.storyboard */,
				EE9541F024528A4600154E95 /* Info.plist */,
				EE9541F124528A4600154E95 /* main.m */,
			);
			path = TensorFlowLiteObjcDemo;
			sourceTree = "<group>";
		};
		EE9541FA24528A4600154E95 /* TensorFlowLiteObjcDemoTests */ = {
			isa = PBXGroup;
			children = (
				EE9541FB24528A4600154E95 /* TensorFlowLiteObjcDemoTests.m */,
				EE9541FD24528A4600154E95 /* Info.plist */,
			);
			path = TensorFlowLiteObjcDemoTests;
			sourceTree = "<group>";
		};
		EE95420524528A4600154E95 /* TensorFlowLiteObjcDemoUITests */ = {
			isa = PBXGroup;
			children = (
				EE95420624528A4600154E95 /* TensorFlowLiteObjcDemoUITests.m */,
				EE95420824528A4600154E95 /* Info.plist */,
			);
			path = TensorFlowLiteObjcDemoUITests;
			sourceTree = "<group>";
		};
/* End PBXGroup section */

/* Begin PBXNativeTarget section */
		EE9541DB24528A4100154E95 /* TensorFlowLiteObjcDemo */ = {
			isa = PBXNativeTarget;
			buildConfigurationList = EE95420B24528A4600154E95 /* Build configuration list for PBXNativeTarget "TensorFlowLiteObjcDemo" */;
			buildPhases = (
				EE9541D824528A4100154E95 /* Sources */,
				EE9541D924528A4100154E95 /* Frameworks */,
				EE9541DA24528A4100154E95 /* Resources */,
			);
			buildRules = (
			);
			dependencies = (
			);
			name = TensorFlowLiteObjcDemo;
			productName = TensorFlowLiteObjcDemo;
			productReference = EE9541DC24528A4100154E95 /* TensorFlowLiteObjcDemo.app */;
			productType = "com.apple.product-type.application";
		};
		EE9541F624528A4600154E95 /* TensorFlowLiteObjcDemoTests */ = {
			isa = PBXNativeTarget;
			buildConfigurationList = EE95420E24528A4600154E95 /* Build configuration list for PBXNativeTarget "TensorFlowLiteObjcDemoTests" */;
			buildPhases = (
				EE9541F324528A4600154E95 /* Sources */,
				EE9541F424528A4600154E95 /* Frameworks */,
				EE9541F524528A4600154E95 /* Resources */,
			);
			buildRules = (
			);
			dependencies = (
				EE9541F924528A4600154E95 /* PBXTargetDependency */,
			);
			name = TensorFlowLiteObjcDemoTests;
			productName = TensorFlowLiteObjcDemoTests;
			productReference = EE9541F724528A4600154E95 /* TensorFlowLiteObjcDemoTests.xctest */;
			productType = "com.apple.product-type.bundle.unit-test";
		};
		EE95420124528A4600154E95 /* TensorFlowLiteObjcDemoUITests */ = {
			isa = PBXNativeTarget;
			buildConfigurationList = EE95421124528A4600154E95 /* Build configuration list for PBXNativeTarget "TensorFlowLiteObjcDemoUITests" */;
			buildPhases = (
				EE9541FE24528A4600154E95 /* Sources */,
				EE9541FF24528A4600154E95 /* Frameworks */,
				EE95420024528A4600154E95 /* Resources */,
			);
			buildRules = (
			);
			dependencies = (
				EE95420424528A4600154E95 /* PBXTargetDependency */,
			);
			name = TensorFlowLiteObjcDemoUITests;
			productName = TensorFlowLiteObjcDemoUITests;
			productReference = EE95420224528A4600154E95 /* TensorFlowLiteObjcDemoUITests.xctest */;
			productType = "com.apple.product-type.bundle.ui-testing";
		};
/* End PBXNativeTarget section */

/* Begin PBXProject section */
		EE9541D424528A4100154E95 /* Project object */ = {
			isa = PBXProject;
			attributes = {
				LastUpgradeCheck = 1140;
				ORGANIZATIONNAME = tanzhiwu;
				TargetAttributes = {
					EE9541DB24528A4100154E95 = {
						CreatedOnToolsVersion = 11.4.1;
					};
					EE9541F624528A4600154E95 = {
						CreatedOnToolsVersion = 11.4.1;
						TestTargetID = EE9541DB24528A4100154E95;
					};
					EE95420124528A4600154E95 = {
						CreatedOnToolsVersion = 11.4.1;
						TestTargetID = EE9541DB24528A4100154E95;
					};
				};
			};
			buildConfigurationList = EE9541D724528A4100154E95 /* Build configuration list for PBXProject "TensorFlowLiteObjcDemo" */;
			compatibilityVersion = "Xcode 9.3";
			developmentRegion = en;
			hasScannedForEncodings = 0;
			knownRegions = (
				en,
				Base,
			);
			mainGroup = EE9541D324528A4100154E95;
			productRefGroup = EE9541DD24528A4100154E95 /* Products */;
			projectDirPath = "";
			projectRoot = "";
			targets = (
				EE9541DB24528A4100154E95 /* TensorFlowLiteObjcDemo */,
				EE9541F624528A4600154E95 /* TensorFlowLiteObjcDemoTests */,
				EE95420124528A4600154E95 /* TensorFlowLiteObjcDemoUITests */,
			);
		};
/* End PBXProject section */

/* Begin PBXResourcesBuildPhase section */
		EE9541DA24528A4100154E95 /* Resources */ = {
			isa = PBXResourcesBuildPhase;
			buildActionMask = 2147483647;
			files = (
				EE9541EF24528A4600154E95 /* LaunchScreen.storyboard in Resources */,
				EE9541EC24528A4600154E95 /* Assets.xcassets in Resources */,
				EE9541EA24528A4100154E95 /* Main.storyboard in Resources */,
			);
			runOnlyForDeploymentPostprocessing = 0;
		};
		EE9541F524528A4600154E95 /* Resources */ = {
			isa = PBXResourcesBuildPhase;
			buildActionMask = 2147483647;
			files = (
			);
			runOnlyForDeploymentPostprocessing = 0;
		};
		EE95420024528A4600154E95 /* Resources */ = {
			isa = PBXResourcesBuildPhase;
			buildActionMask = 2147483647;
			files = (
			);
			runOnlyForDeploymentPostprocessing = 0;
		};
/* End PBXResourcesBuildPhase section */

/* Begin PBXSourcesBuildPhase section */
		EE9541D824528A4100154E95 /* Sources */ = {
			isa = PBXSourcesBuildPhase;
			buildActionMask = 2147483647;
			files = (
				EE9541E724528A4100154E95 /* ViewController.m in Sources */,
				EE9541E124528A4100154E95 /* AppDelegate.m in Sources */,
				EE9541F224528A4600154E95 /* main.m in Sources */,
				EE9541E424528A4100154E95 /* SceneDelegate.m in Sources */,
			);
			runOnlyForDeploymentPostprocessing = 0;
		};
		EE9541F324528A4600154E95 /* Sources */ = {
			isa = PBXSourcesBuildPhase;
			buildActionMask = 2147483647;
			files = (
				EE9541FC24528A4600154E95 /* TensorFlowLiteObjcDemoTests.m in Sources */,
			);
			runOnlyForDeploymentPostprocessing = 0;
		};
		EE9541FE24528A4600154E95 /* Sources */ = {
			isa = PBXSourcesBuildPhase;
			buildActionMask = 2147483647;
			files = (
				EE95420724528A4600154E95 /* TensorFlowLiteObjcDemoUITests.m in Sources */,
			);
			runOnlyForDeploymentPostprocessing = 0;
		};
/* End PBXSourcesBuildPhase section */

/* Begin PBXTargetDependency section */
		EE9541F924528A4600154E95 /* PBXTargetDependency */ = {
			isa = PBXTargetDependency;
			target = EE9541DB24528A4100154E95 /* TensorFlowLiteObjcDemo */;
			targetProxy = EE9541F824528A4600154E95 /* PBXContainerItemProxy */;
		};
		EE95420424528A4600154E95 /* PBXTargetDependency */ = {
			isa = PBXTargetDependency;
			target = EE9541DB24528A4100154E95 /* TensorFlowLiteObjcDemo */;
			targetProxy = EE95420324528A4600154E95 /* PBXContainerItemProxy */;
		};
/* End PBXTargetDependency section */

/* Begin PBXVariantGroup section */
		EE9541E824528A4100154E95 /* Main.storyboard */ = {
			isa = PBXVariantGroup;
			children = (
				EE9541E924528A4100154E95 /* Base */,
			);
			name = Main.storyboard;
			sourceTree = "<group>";
		};
		EE9541ED24528A4600154E95 /* LaunchScreen.storyboard */ = {
			isa = PBXVariantGroup;
			children = (
				EE9541EE24528A4600154E95 /* Base */,
			);
			name = LaunchScreen.storyboard;
			sourceTree = "<group>";
		};
/* End PBXVariantGroup section */

/* Begin XCBuildConfiguration section */
		EE95420924528A4600154E95 /* Debug */ = {
			isa = XCBuildConfiguration;
			buildSettings = {
				ALWAYS_SEARCH_USER_PATHS = NO;
				CLANG_ANALYZER_NONNULL = YES;
				CLANG_ANALYZER_NUMBER_OBJECT_CONVERSION = YES_AGGRESSIVE;
				CLANG_CXX_LANGUAGE_STANDARD = "gnu++14";
				CLANG_CXX_LIBRARY = "libc++";
				CLANG_ENABLE_MODULES = YES;
				CLANG_ENABLE_OBJC_ARC = YES;
				CLANG_ENABLE_OBJC_WEAK = YES;
				CLANG_WARN_BLOCK_CAPTURE_AUTORELEASING = YES;
				CLANG_WARN_BOOL_CONVERSION = YES;
				CLANG_WARN_COMMA = YES;
				CLANG_WARN_CONSTANT_CONVERSION = YES;
				CLANG_WARN_DEPRECATED_OBJC_IMPLEMENTATIONS = YES;
				CLANG_WARN_DIRECT_OBJC_ISA_USAGE = YES_ERROR;
				CLANG_WARN_DOCUMENTATION_COMMENTS = YES;
				CLANG_WARN_EMPTY_BODY = YES;
				CLANG_WARN_ENUM_CONVERSION = YES;
				CLANG_WARN_INFINITE_RECURSION = YES;
				CLANG_WARN_INT_CONVERSION = YES;
				CLANG_WARN_NON_LITERAL_NULL_CONVERSION = YES;
				CLANG_WARN_OBJC_IMPLICIT_RETAIN_SELF = YES;
				CLANG_WARN_OBJC_LITERAL_CONVERSION = YES;
				CLANG_WARN_OBJC_ROOT_CLASS = YES_ERROR;
				CLANG_WARN_RANGE_LOOP_ANALYSIS = YES;
				CLANG_WARN_STRICT_PROTOTYPES = YES;
				CLANG_WARN_SUSPICIOUS_MOVE = YES;
				CLANG_WARN_UNGUARDED_AVAILABILITY = YES_AGGRESSIVE;
				CLANG_WARN_UNREACHABLE_CODE = YES;
				CLANG_WARN__DUPLICATE_METHOD_MATCH = YES;
				COPY_PHASE_STRIP = NO;
				DEBUG_INFORMATION_FORMAT = dwarf;
				ENABLE_STRICT_OBJC_MSGSEND = YES;
				ENABLE_TESTABILITY = YES;
				GCC_C_LANGUAGE_STANDARD = gnu11;
				GCC_DYNAMIC_NO_PIC = NO;
				GCC_NO_COMMON_BLOCKS = YES;
				GCC_OPTIMIZATION_LEVEL = 0;
				GCC_PREPROCESSOR_DEFINITIONS = (
					"DEBUG=1",
					"$(inherited)",
				);
				GCC_WARN_64_TO_32_BIT_CONVERSION = YES;
				GCC_WARN_ABOUT_RETURN_TYPE = YES_ERROR;
				GCC_WARN_UNDECLARED_SELECTOR = YES;
				GCC_WARN_UNINITIALIZED_AUTOS = YES_AGGRESSIVE;
				GCC_WARN_UNUSED_FUNCTION = YES;
				GCC_WARN_UNUSED_VARIABLE = YES;
				IPHONEOS_DEPLOYMENT_TARGET = 13.4;
				MTL_ENABLE_DEBUG_INFO = INCLUDE_SOURCE;
				MTL_FAST_MATH = YES;
				ONLY_ACTIVE_ARCH = YES;
				SDKROOT = iphoneos;
			};
			name = Debug;
		};
		EE95420A24528A4600154E95 /* Release */ = {
			isa = XCBuildConfiguration;
			buildSettings = {
				ALWAYS_SEARCH_USER_PATHS = NO;
				CLANG_ANALYZER_NONNULL = YES;
				CLANG_ANALYZER_NUMBER_OBJECT_CONVERSION = YES_AGGRESSIVE;
				CLANG_CXX_LANGUAGE_STANDARD = "gnu++14";
				CLANG_CXX_LIBRARY = "libc++";
				CLANG_ENABLE_MODULES = YES;
				CLANG_ENABLE_OBJC_ARC = YES;
				CLANG_ENABLE_OBJC_WEAK = YES;
				CLANG_WARN_BLOCK_CAPTURE_AUTORELEASING = YES;
				CLANG_WARN_BOOL_CONVERSION = YES;
				CLANG_WARN_COMMA = YES;
				CLANG_WARN_CONSTANT_CONVERSION = YES;
				CLANG_WARN_DEPRECATED_OBJC_IMPLEMENTATIONS = YES;
				CLANG_WARN_DIRECT_OBJC_ISA_USAGE = YES_ERROR;
				CLANG_WARN_DOCUMENTATION_COMMENTS = YES;
				CLANG_WARN_EMPTY_BODY = YES;
				CLANG_WARN_ENUM_CONVERSION = YES;
				CLANG_WARN_INFINITE_RECURSION = YES;
				CLANG_WARN_INT_CONVERSION = YES;
				CLANG_WARN_NON_LITERAL_NULL_CONVERSION = YES;
				CLANG_WARN_OBJC_IMPLICIT_RETAIN_SELF = YES;
				CLANG_WARN_OBJC_LITERAL_CONVERSION = YES;
				CLANG_WARN_OBJC_ROOT_CLASS = YES_ERROR;
				CLANG_WARN_RANGE_LOOP_ANALYSIS = YES;
				CLANG_WARN_STRICT_PROTOTYPES = YES;
				CLANG_WARN_SUSPICIOUS_MOVE = YES;
				CLANG_WARN_UNGUARDED_AVAILABILITY = YES_AGGRESSIVE;
				CLANG_WARN_UNREACHABLE_CODE = YES;
				CLANG_WARN__DUPLICATE_METHOD_MATCH = YES;
				COPY_PHASE_STRIP = NO;
				DEBUG_INFORMATION_FORMAT = "dwarf-with-dsym";
				ENABLE_NS_ASSERTIONS = NO;
				ENABLE_STRICT_OBJC_MSGSEND = YES;
				GCC_C_LANGUAGE_STANDARD = gnu11;
				GCC_NO_COMMON_BLOCKS = YES;
				GCC_WARN_64_TO_32_BIT_CONVERSION = YES;
				GCC_WARN_ABOUT_RETURN_TYPE = YES_ERROR;
				GCC_WARN_UNDECLARED_SELECTOR = YES;
				GCC_WARN_UNINITIALIZED_AUTOS = YES_AGGRESSIVE;
				GCC_WARN_UNUSED_FUNCTION = YES;
				GCC_WARN_UNUSED_VARIABLE = YES;
				IPHONEOS_DEPLOYMENT_TARGET = 13.4;
				MTL_ENABLE_DEBUG_INFO = NO;
				MTL_FAST_MATH = YES;
				SDKROOT = iphoneos;
				VALIDATE_PRODUCT = YES;
			};
			name = Release;
		};
		EE95420C24528A4600154E95 /* Debug */ = {
			isa = XCBuildConfiguration;
			buildSettings = {
				ASSETCATALOG_COMPILER_APPICON_NAME = AppIcon;
				CODE_SIGN_STYLE = Automatic;
				DEVELOPMENT_TEAM = PAA275CY5Q;
				INFOPLIST_FILE = TensorFlowLiteObjcDemo/Info.plist;
				LD_RUNPATH_SEARCH_PATHS = (
					"$(inherited)",
					"@executable_path/Frameworks",
				);
				PRODUCT_BUNDLE_IDENTIFIER = com.ut.TensorFlowLiteObjcDemo;
				PRODUCT_NAME = "$(TARGET_NAME)";
				TARGETED_DEVICE_FAMILY = "1,2";
			};
			name = Debug;
		};
		EE95420D24528A4600154E95 /* Release */ = {
			isa = XCBuildConfiguration;
			buildSettings = {
				ASSETCATALOG_COMPILER_APPICON_NAME = AppIcon;
				CODE_SIGN_STYLE = Automatic;
				DEVELOPMENT_TEAM = PAA275CY5Q;
				INFOPLIST_FILE = TensorFlowLiteObjcDemo/Info.plist;
				LD_RUNPATH_SEARCH_PATHS = (
					"$(inherited)",
					"@executable_path/Frameworks",
				);
				PRODUCT_BUNDLE_IDENTIFIER = com.ut.TensorFlowLiteObjcDemo;
				PRODUCT_NAME = "$(TARGET_NAME)";
				TARGETED_DEVICE_FAMILY = "1,2";
			};
			name = Release;
		};
		EE95420F24528A4600154E95 /* Debug */ = {
			isa = XCBuildConfiguration;
			buildSettings = {
				BUNDLE_LOADER = "$(TEST_HOST)";
				CODE_SIGN_STYLE = Automatic;
				DEVELOPMENT_TEAM = PAA275CY5Q;
				INFOPLIST_FILE = TensorFlowLiteObjcDemoTests/Info.plist;
				IPHONEOS_DEPLOYMENT_TARGET = 13.4;
				LD_RUNPATH_SEARCH_PATHS = (
					"$(inherited)",
					"@executable_path/Frameworks",
					"@loader_path/Frameworks",
				);
				PRODUCT_BUNDLE_IDENTIFIER = com.ut.TensorFlowLiteObjcDemoTests;
				PRODUCT_NAME = "$(TARGET_NAME)";
				TARGETED_DEVICE_FAMILY = "1,2";
				TEST_HOST = "$(BUILT_PRODUCTS_DIR)/TensorFlowLiteObjcDemo.app/TensorFlowLiteObjcDemo";
			};
			name = Debug;
		};
		EE95421024528A4600154E95 /* Release */ = {
			isa = XCBuildConfiguration;
			buildSettings = {
				BUNDLE_LOADER = "$(TEST_HOST)";
				CODE_SIGN_STYLE = Automatic;
				DEVELOPMENT_TEAM = PAA275CY5Q;
				INFOPLIST_FILE = TensorFlowLiteObjcDemoTests/Info.plist;
				IPHONEOS_DEPLOYMENT_TARGET = 13.4;
				LD_RUNPATH_SEARCH_PATHS = (
					"$(inherited)",
					"@executable_path/Frameworks",
					"@loader_path/Frameworks",
				);
				PRODUCT_BUNDLE_IDENTIFIER = com.ut.TensorFlowLiteObjcDemoTests;
				PRODUCT_NAME = "$(TARGET_NAME)";
				TARGETED_DEVICE_FAMILY = "1,2";
				TEST_HOST = "$(BUILT_PRODUCTS_DIR)/TensorFlowLiteObjcDemo.app/TensorFlowLiteObjcDemo";
			};
			name = Release;
		};
		EE95421224528A4600154E95 /* Debug */ = {
			isa = XCBuildConfiguration;
			buildSettings = {
				CODE_SIGN_STYLE = Automatic;
				DEVELOPMENT_TEAM = PAA275CY5Q;
				INFOPLIST_FILE = TensorFlowLiteObjcDemoUITests/Info.plist;
				LD_RUNPATH_SEARCH_PATHS = (
					"$(inherited)",
					"@executable_path/Frameworks",
					"@loader_path/Frameworks",
				);
				PRODUCT_BUNDLE_IDENTIFIER = com.ut.TensorFlowLiteObjcDemoUITests;
				PRODUCT_NAME = "$(TARGET_NAME)";
				TARGETED_DEVICE_FAMILY = "1,2";
				TEST_TARGET_NAME = TensorFlowLiteObjcDemo;
			};
			name = Debug;
		};
		EE95421324528A4600154E95 /* Release */ = {
			isa = XCBuildConfiguration;
			buildSettings = {
				CODE_SIGN_STYLE = Automatic;
				DEVELOPMENT_TEAM = PAA275CY5Q;
				INFOPLIST_FILE = TensorFlowLiteObjcDemoUITests/Info.plist;
				LD_RUNPATH_SEARCH_PATHS = (
					"$(inherited)",
					"@executable_path/Frameworks",
					"@loader_path/Frameworks",
				);
				PRODUCT_BUNDLE_IDENTIFIER = com.ut.TensorFlowLiteObjcDemoUITests;
				PRODUCT_NAME = "$(TARGET_NAME)";
				TARGETED_DEVICE_FAMILY = "1,2";
				TEST_TARGET_NAME = TensorFlowLiteObjcDemo;
			};
			name = Release;
		};
/* End XCBuildConfiguration section */

/* Begin XCConfigurationList section */
		EE9541D724528A4100154E95 /* Build configuration list for PBXProject "TensorFlowLiteObjcDemo" */ = {
			isa = XCConfigurationList;
			buildConfigurations = (
				EE95420924528A4600154E95 /* Debug */,
				EE95420A24528A4600154E95 /* Release */,
			);
			defaultConfigurationIsVisible = 0;
			defaultConfigurationName = Release;
		};
		EE95420B24528A4600154E95 /* Build configuration list for PBXNativeTarget "TensorFlowLiteObjcDemo" */ = {
			isa = XCConfigurationList;
			buildConfigurations = (
				EE95420C24528A4600154E95 /* Debug */,
				EE95420D24528A4600154E95 /* Release */,
			);
			defaultConfigurationIsVisible = 0;
			defaultConfigurationName = Release;
		};
		EE95420E24528A4600154E95 /* Build configuration list for PBXNativeTarget "TensorFlowLiteObjcDemoTests" */ = {
			isa = XCConfigurationList;
			buildConfigurations = (
				EE95420F24528A4600154E95 /* Debug */,
				EE95421024528A4600154E95 /* Release */,
			);
			defaultConfigurationIsVisible = 0;
			defaultConfigurationName = Release;
		};
		EE95421124528A4600154E95 /* Build configuration list for PBXNativeTarget "TensorFlowLiteObjcDemoUITests" */ = {
			isa = XCConfigurationList;
			buildConfigurations = (
				EE95421224528A4600154E95 /* Debug */,
				EE95421324528A4600154E95 /* Release */,
			);
			defaultConfigurationIsVisible = 0;
			defaultConfigurationName = Release;
		};
/* End XCConfigurationList section */
	};
	rootObject = EE9541D424528A4100154E95 /* Project object */;
}
